// !$*UTF8*$!
{
	archiveVersion = 1;
	classes = {
	};
	objectVersion = 46;
	objects = {

/* Begin PBXBuildFile section */
		A37B2F461C1129D700DA9333 /* Bolts.framework in Frameworks */ = {isa = PBXBuildFile; fileRef = A37B2F411C1129D700DA9333 /* Bolts.framework */; };
		A37B2F471C1129D700DA9333 /* Parse.framework in Frameworks */ = {isa = PBXBuildFile; fileRef = A37B2F421C1129D700DA9333 /* Parse.framework */; };
		A37B2F481C1129D700DA9333 /* ParseUI.framework in Frameworks */ = {isa = PBXBuildFile; fileRef = A37B2F431C1129D700DA9333 /* ParseUI.framework */; };
		A37B2F4B1C1129E700DA9333 /* AudioToolbox.framework in Frameworks */ = {isa = PBXBuildFile; fileRef = A37B2F4A1C1129E700DA9333 /* AudioToolbox.framework */; };
		A37B2F4D1C1129EE00DA9333 /* CFNetwork.framework in Frameworks */ = {isa = PBXBuildFile; fileRef = A37B2F4C1C1129EE00DA9333 /* CFNetwork.framework */; };
		A37B2F4F1C1129F400DA9333 /* CoreGraphics.framework in Frameworks */ = {isa = PBXBuildFile; fileRef = A37B2F4E1C1129F400DA9333 /* CoreGraphics.framework */; };
		A37B2F511C1129FB00DA9333 /* CoreLocation.framework in Frameworks */ = {isa = PBXBuildFile; fileRef = A37B2F501C1129FB00DA9333 /* CoreLocation.framework */; };
		A37B2F531C112A0000DA9333 /* QuartzCore.framework in Frameworks */ = {isa = PBXBuildFile; fileRef = A37B2F521C112A0000DA9333 /* QuartzCore.framework */; };
		A37B2F551C112A0500DA9333 /* Security.framework in Frameworks */ = {isa = PBXBuildFile; fileRef = A37B2F541C112A0500DA9333 /* Security.framework */; };
		A37B2F571C112A0B00DA9333 /* StoreKit.framework in Frameworks */ = {isa = PBXBuildFile; fileRef = A37B2F561C112A0B00DA9333 /* StoreKit.framework */; };
		A37B2F591C112A1200DA9333 /* SystemConfiguration.framework in Frameworks */ = {isa = PBXBuildFile; fileRef = A37B2F581C112A1200DA9333 /* SystemConfiguration.framework */; };
		A37B2F5B1C112B4B00DA9333 /* LoginViewController.swift in Sources */ = {isa = PBXBuildFile; fileRef = A37B2F5A1C112B4B00DA9333 /* LoginViewController.swift */; };
		A3C9BF3D1C112498008C7E18 /* AppDelegate.swift in Sources */ = {isa = PBXBuildFile; fileRef = A3C9BF3C1C112498008C7E18 /* AppDelegate.swift */; };
		A3C9BF3F1C112498008C7E18 /* ViewController.swift in Sources */ = {isa = PBXBuildFile; fileRef = A3C9BF3E1C112498008C7E18 /* ViewController.swift */; };
		A3C9BF421C112498008C7E18 /* Main.storyboard in Resources */ = {isa = PBXBuildFile; fileRef = A3C9BF401C112498008C7E18 /* Main.storyboard */; };
		A3C9BF441C112498008C7E18 /* Assets.xcassets in Resources */ = {isa = PBXBuildFile; fileRef = A3C9BF431C112498008C7E18 /* Assets.xcassets */; };
		A3C9BF471C112498008C7E18 /* LaunchScreen.storyboard in Resources */ = {isa = PBXBuildFile; fileRef = A3C9BF451C112498008C7E18 /* LaunchScreen.storyboard */; };
		A3C9BF521C112498008C7E18 /* SquadTests.swift in Sources */ = {isa = PBXBuildFile; fileRef = A3C9BF511C112498008C7E18 /* SquadTests.swift */; };
		A3C9BF5D1C112499008C7E18 /* SquadUITests.swift in Sources */ = {isa = PBXBuildFile; fileRef = A3C9BF5C1C112499008C7E18 /* SquadUITests.swift */; };
		A3D0838C1C11502B00FE6F6C /* TimelineViewController.swift in Sources */ = {isa = PBXBuildFile; fileRef = A3D0838B1C11502B00FE6F6C /* TimelineViewController.swift */; };
		A3D0838E1C11504700FE6F6C /* DetailViewController.swift in Sources */ = {isa = PBXBuildFile; fileRef = A3D0838D1C11504700FE6F6C /* DetailViewController.swift */; };
		A3D083901C11505900FE6F6C /* TimelineViewCell.swift in Sources */ = {isa = PBXBuildFile; fileRef = A3D0838F1C11505900FE6F6C /* TimelineViewCell.swift */; };
		A3D083941C1150F600FE6F6C /* TimelineViewCell.xib in Resources */ = {isa = PBXBuildFile; fileRef = A3D083931C1150F600FE6F6C /* TimelineViewCell.xib */; };
		A3FF72E91C1144ED00706300 /* HomeViewController.swift in Sources */ = {isa = PBXBuildFile; fileRef = A3FF72E81C1144ED00706300 /* HomeViewController.swift */; };
		D355DF603B6DC0391029A27C /* Pods.framework in Frameworks */ = {isa = PBXBuildFile; fileRef = FD0B40DED130E2E4AA716E96 /* Pods.framework */; };
/* End PBXBuildFile section */

/* Begin PBXContainerItemProxy section */
		A3C9BF4E1C112498008C7E18 /* PBXContainerItemProxy */ = {
			isa = PBXContainerItemProxy;
			containerPortal = A3C9BF311C112498008C7E18 /* Project object */;
			proxyType = 1;
			remoteGlobalIDString = A3C9BF381C112498008C7E18;
			remoteInfo = Squad;
		};
		A3C9BF591C112499008C7E18 /* PBXContainerItemProxy */ = {
			isa = PBXContainerItemProxy;
			containerPortal = A3C9BF311C112498008C7E18 /* Project object */;
			proxyType = 1;
			remoteGlobalIDString = A3C9BF381C112498008C7E18;
			remoteInfo = Squad;
		};
/* End PBXContainerItemProxy section */

/* Begin PBXFileReference section */
		311334B5E99D447F5B6A0D59 /* Pods.debug.xcconfig */ = {isa = PBXFileReference; includeInIndex = 1; lastKnownFileType = text.xcconfig; name = Pods.debug.xcconfig; path = "Pods/Target Support Files/Pods/Pods.debug.xcconfig"; sourceTree = "<group>"; };
		A37B2F401C1129D700DA9333 /* Atlas.framework */ = {isa = PBXFileReference; lastKnownFileType = wrapper.framework; name = Atlas.framework; path = "Pods/../build/Debug-iphoneos/Atlas.framework"; sourceTree = "<group>"; };
		A37B2F411C1129D700DA9333 /* Bolts.framework */ = {isa = PBXFileReference; lastKnownFileType = wrapper.framework; name = Bolts.framework; path = "Pods/../build/Debug-iphoneos/Bolts.framework"; sourceTree = "<group>"; };
		A37B2F421C1129D700DA9333 /* Parse.framework */ = {isa = PBXFileReference; lastKnownFileType = wrapper.framework; name = Parse.framework; path = "Pods/../build/Debug-iphoneos/Parse.framework"; sourceTree = "<group>"; };
		A37B2F431C1129D700DA9333 /* ParseUI.framework */ = {isa = PBXFileReference; lastKnownFileType = wrapper.framework; name = ParseUI.framework; path = "Pods/../build/Debug-iphoneos/ParseUI.framework"; sourceTree = "<group>"; };
		A37B2F441C1129D700DA9333 /* SVProgressHUD.framework */ = {isa = PBXFileReference; lastKnownFileType = wrapper.framework; name = SVProgressHUD.framework; path = "Pods/../build/Debug-iphoneos/SVProgressHUD.framework"; sourceTree = "<group>"; };
		A37B2F4A1C1129E700DA9333 /* AudioToolbox.framework */ = {isa = PBXFileReference; lastKnownFileType = wrapper.framework; name = AudioToolbox.framework; path = System/Library/Frameworks/AudioToolbox.framework; sourceTree = SDKROOT; };
		A37B2F4C1C1129EE00DA9333 /* CFNetwork.framework */ = {isa = PBXFileReference; lastKnownFileType = wrapper.framework; name = CFNetwork.framework; path = System/Library/Frameworks/CFNetwork.framework; sourceTree = SDKROOT; };
		A37B2F4E1C1129F400DA9333 /* CoreGraphics.framework */ = {isa = PBXFileReference; lastKnownFileType = wrapper.framework; name = CoreGraphics.framework; path = System/Library/Frameworks/CoreGraphics.framework; sourceTree = SDKROOT; };
		A37B2F501C1129FB00DA9333 /* CoreLocation.framework */ = {isa = PBXFileReference; lastKnownFileType = wrapper.framework; name = CoreLocation.framework; path = System/Library/Frameworks/CoreLocation.framework; sourceTree = SDKROOT; };
		A37B2F521C112A0000DA9333 /* QuartzCore.framework */ = {isa = PBXFileReference; lastKnownFileType = wrapper.framework; name = QuartzCore.framework; path = System/Library/Frameworks/QuartzCore.framework; sourceTree = SDKROOT; };
		A37B2F541C112A0500DA9333 /* Security.framework */ = {isa = PBXFileReference; lastKnownFileType = wrapper.framework; name = Security.framework; path = System/Library/Frameworks/Security.framework; sourceTree = SDKROOT; };
		A37B2F561C112A0B00DA9333 /* StoreKit.framework */ = {isa = PBXFileReference; lastKnownFileType = wrapper.framework; name = StoreKit.framework; path = System/Library/Frameworks/StoreKit.framework; sourceTree = SDKROOT; };
		A37B2F581C112A1200DA9333 /* SystemConfiguration.framework */ = {isa = PBXFileReference; lastKnownFileType = wrapper.framework; name = SystemConfiguration.framework; path = System/Library/Frameworks/SystemConfiguration.framework; sourceTree = SDKROOT; };
		A37B2F5A1C112B4B00DA9333 /* LoginViewController.swift */ = {isa = PBXFileReference; fileEncoding = 4; lastKnownFileType = sourcecode.swift; path = LoginViewController.swift; sourceTree = "<group>"; };
		A3C9BF391C112498008C7E18 /* Squad.app */ = {isa = PBXFileReference; explicitFileType = wrapper.application; includeInIndex = 0; path = Squad.app; sourceTree = BUILT_PRODUCTS_DIR; };
		A3C9BF3C1C112498008C7E18 /* AppDelegate.swift */ = {isa = PBXFileReference; lastKnownFileType = sourcecode.swift; path = AppDelegate.swift; sourceTree = "<group>"; };
		A3C9BF3E1C112498008C7E18 /* ViewController.swift */ = {isa = PBXFileReference; lastKnownFileType = sourcecode.swift; path = ViewController.swift; sourceTree = "<group>"; };
		A3C9BF411C112498008C7E18 /* Base */ = {isa = PBXFileReference; lastKnownFileType = file.storyboard; name = Base; path = Base.lproj/Main.storyboard; sourceTree = "<group>"; };
		A3C9BF431C112498008C7E18 /* Assets.xcassets */ = {isa = PBXFileReference; lastKnownFileType = folder.assetcatalog; path = Assets.xcassets; sourceTree = "<group>"; };
		A3C9BF461C112498008C7E18 /* Base */ = {isa = PBXFileReference; lastKnownFileType = file.storyboard; name = Base; path = Base.lproj/LaunchScreen.storyboard; sourceTree = "<group>"; };
		A3C9BF481C112498008C7E18 /* Info.plist */ = {isa = PBXFileReference; lastKnownFileType = text.plist.xml; path = Info.plist; sourceTree = "<group>"; };
		A3C9BF4D1C112498008C7E18 /* SquadTests.xctest */ = {isa = PBXFileReference; explicitFileType = wrapper.cfbundle; includeInIndex = 0; path = SquadTests.xctest; sourceTree = BUILT_PRODUCTS_DIR; };
		A3C9BF511C112498008C7E18 /* SquadTests.swift */ = {isa = PBXFileReference; lastKnownFileType = sourcecode.swift; path = SquadTests.swift; sourceTree = "<group>"; };
		A3C9BF531C112498008C7E18 /* Info.plist */ = {isa = PBXFileReference; lastKnownFileType = text.plist.xml; path = Info.plist; sourceTree = "<group>"; };
		A3C9BF581C112499008C7E18 /* SquadUITests.xctest */ = {isa = PBXFileReference; explicitFileType = wrapper.cfbundle; includeInIndex = 0; path = SquadUITests.xctest; sourceTree = BUILT_PRODUCTS_DIR; };
		A3C9BF5C1C112499008C7E18 /* SquadUITests.swift */ = {isa = PBXFileReference; lastKnownFileType = sourcecode.swift; path = SquadUITests.swift; sourceTree = "<group>"; };
		A3C9BF5E1C112499008C7E18 /* Info.plist */ = {isa = PBXFileReference; lastKnownFileType = text.plist.xml; path = Info.plist; sourceTree = "<group>"; };
		A3D0838B1C11502B00FE6F6C /* TimelineViewController.swift */ = {isa = PBXFileReference; fileEncoding = 4; lastKnownFileType = sourcecode.swift; path = TimelineViewController.swift; sourceTree = "<group>"; };
		A3D0838D1C11504700FE6F6C /* DetailViewController.swift */ = {isa = PBXFileReference; fileEncoding = 4; lastKnownFileType = sourcecode.swift; path = DetailViewController.swift; sourceTree = "<group>"; };
		A3D0838F1C11505900FE6F6C /* TimelineViewCell.swift */ = {isa = PBXFileReference; fileEncoding = 4; lastKnownFileType = sourcecode.swift; path = TimelineViewCell.swift; sourceTree = "<group>"; };
		A3D083931C1150F600FE6F6C /* TimelineViewCell.xib */ = {isa = PBXFileReference; fileEncoding = 4; lastKnownFileType = file.xib; path = TimelineViewCell.xib; sourceTree = "<group>"; };
		A3FF72E81C1144ED00706300 /* HomeViewController.swift */ = {isa = PBXFileReference; fileEncoding = 4; lastKnownFileType = sourcecode.swift; path = HomeViewController.swift; sourceTree = "<group>"; };
		C2F7B51406E20984420308CD /* Pods.release.xcconfig */ = {isa = PBXFileReference; includeInIndex = 1; lastKnownFileType = text.xcconfig; name = Pods.release.xcconfig; path = "Pods/Target Support Files/Pods/Pods.release.xcconfig"; sourceTree = "<group>"; };
		FD0B40DED130E2E4AA716E96 /* Pods.framework */ = {isa = PBXFileReference; explicitFileType = wrapper.framework; includeInIndex = 0; path = Pods.framework; sourceTree = BUILT_PRODUCTS_DIR; };
/* End PBXFileReference section */

/* Begin PBXFrameworksBuildPhase section */
		A3C9BF361C112498008C7E18 /* Frameworks */ = {
			isa = PBXFrameworksBuildPhase;
			buildActionMask = 2147483647;
			files = (
				A37B2F591C112A1200DA9333 /* SystemConfiguration.framework in Frameworks */,
				A37B2F571C112A0B00DA9333 /* StoreKit.framework in Frameworks */,
				A37B2F551C112A0500DA9333 /* Security.framework in Frameworks */,
				A37B2F531C112A0000DA9333 /* QuartzCore.framework in Frameworks */,
				A37B2F511C1129FB00DA9333 /* CoreLocation.framework in Frameworks */,
				A37B2F4F1C1129F400DA9333 /* CoreGraphics.framework in Frameworks */,
				A37B2F4D1C1129EE00DA9333 /* CFNetwork.framework in Frameworks */,
				A37B2F4B1C1129E700DA9333 /* AudioToolbox.framework in Frameworks */,
				A37B2F461C1129D700DA9333 /* Bolts.framework in Frameworks */,
				A37B2F471C1129D700DA9333 /* Parse.framework in Frameworks */,
				A37B2F481C1129D700DA9333 /* ParseUI.framework in Frameworks */,
				D355DF603B6DC0391029A27C /* Pods.framework in Frameworks */,
			);
			runOnlyForDeploymentPostprocessing = 0;
		};
		A3C9BF4A1C112498008C7E18 /* Frameworks */ = {
			isa = PBXFrameworksBuildPhase;
			buildActionMask = 2147483647;
			files = (
			);
			runOnlyForDeploymentPostprocessing = 0;
		};
		A3C9BF551C112499008C7E18 /* Frameworks */ = {
			isa = PBXFrameworksBuildPhase;
			buildActionMask = 2147483647;
			files = (
			);
			runOnlyForDeploymentPostprocessing = 0;
		};
/* End PBXFrameworksBuildPhase section */

/* Begin PBXGroup section */
		2B511119FA374A3E8AD3A7CB /* Frameworks */ = {
			isa = PBXGroup;
			children = (
				A37B2F581C112A1200DA9333 /* SystemConfiguration.framework */,
				A37B2F561C112A0B00DA9333 /* StoreKit.framework */,
				A37B2F541C112A0500DA9333 /* Security.framework */,
				A37B2F521C112A0000DA9333 /* QuartzCore.framework */,
				A37B2F501C1129FB00DA9333 /* CoreLocation.framework */,
				A37B2F4E1C1129F400DA9333 /* CoreGraphics.framework */,
				A37B2F4C1C1129EE00DA9333 /* CFNetwork.framework */,
				A37B2F4A1C1129E700DA9333 /* AudioToolbox.framework */,
				A37B2F401C1129D700DA9333 /* Atlas.framework */,
				A37B2F411C1129D700DA9333 /* Bolts.framework */,
				A37B2F421C1129D700DA9333 /* Parse.framework */,
				A37B2F431C1129D700DA9333 /* ParseUI.framework */,
				A37B2F441C1129D700DA9333 /* SVProgressHUD.framework */,
				FD0B40DED130E2E4AA716E96 /* Pods.framework */,
			);
			name = Frameworks;
			sourceTree = "<group>";
		};
		5EBEC0732D58E37A8C025BEC /* Pods */ = {
			isa = PBXGroup;
			children = (
				311334B5E99D447F5B6A0D59 /* Pods.debug.xcconfig */,
				C2F7B51406E20984420308CD /* Pods.release.xcconfig */,
			);
			name = Pods;
			sourceTree = "<group>";
		};
		A352354E1C1141AC000B4052 /* Home */ = {
			isa = PBXGroup;
			children = (
				A3FF72E81C1144ED00706300 /* HomeViewController.swift */,
			);
			name = Home;
			sourceTree = "<group>";
		};
		A37B2F5C1C112B5400DA9333 /* Login */ = {
			isa = PBXGroup;
			children = (
				A37B2F5A1C112B4B00DA9333 /* LoginViewController.swift */,
			);
			name = Login;
			sourceTree = "<group>";
		};
		A3C9BF301C112498008C7E18 = {
			isa = PBXGroup;
			children = (
				A3C9BF3B1C112498008C7E18 /* Squad */,
				A3C9BF501C112498008C7E18 /* SquadTests */,
				A3C9BF5B1C112499008C7E18 /* SquadUITests */,
				A3C9BF3A1C112498008C7E18 /* Products */,
				5EBEC0732D58E37A8C025BEC /* Pods */,
				2B511119FA374A3E8AD3A7CB /* Frameworks */,
			);
			sourceTree = "<group>";
		};
		A3C9BF3A1C112498008C7E18 /* Products */ = {
			isa = PBXGroup;
			children = (
				A3C9BF391C112498008C7E18 /* Squad.app */,
				A3C9BF4D1C112498008C7E18 /* SquadTests.xctest */,
				A3C9BF581C112499008C7E18 /* SquadUITests.xctest */,
			);
			name = Products;
			sourceTree = "<group>";
		};
		A3C9BF3B1C112498008C7E18 /* Squad */ = {
			isa = PBXGroup;
			children = (
				A3D0838A1C11501200FE6F6C /* SquadTimeline */,
				A352354E1C1141AC000B4052 /* Home */,
				A37B2F5C1C112B5400DA9333 /* Login */,
				A3C9BF3C1C112498008C7E18 /* AppDelegate.swift */,
				A3C9BF3E1C112498008C7E18 /* ViewController.swift */,
				A3C9BF401C112498008C7E18 /* Main.storyboard */,
				A3C9BF431C112498008C7E18 /* Assets.xcassets */,
				A3C9BF451C112498008C7E18 /* LaunchScreen.storyboard */,
				A3C9BF481C112498008C7E18 /* Info.plist */,
			);
			path = Squad;
			sourceTree = "<group>";
		};
		A3C9BF501C112498008C7E18 /* SquadTests */ = {
			isa = PBXGroup;
			children = (
				A3C9BF511C112498008C7E18 /* SquadTests.swift */,
				A3C9BF531C112498008C7E18 /* Info.plist */,
			);
			path = SquadTests;
			sourceTree = "<group>";
		};
		A3C9BF5B1C112499008C7E18 /* SquadUITests */ = {
			isa = PBXGroup;
			children = (
				A3C9BF5C1C112499008C7E18 /* SquadUITests.swift */,
				A3C9BF5E1C112499008C7E18 /* Info.plist */,
			);
			path = SquadUITests;
			sourceTree = "<group>";
		};
		A3D0838A1C11501200FE6F6C /* SquadTimeline */ = {
			isa = PBXGroup;
			children = (
				A3D0838B1C11502B00FE6F6C /* TimelineViewController.swift */,
				A3D0838D1C11504700FE6F6C /* DetailViewController.swift */,
				A3D0838F1C11505900FE6F6C /* TimelineViewCell.swift */,
				A3D083931C1150F600FE6F6C /* TimelineViewCell.xib */,
			);
			name = SquadTimeline;
			sourceTree = "<group>";
		};
/* End PBXGroup section */

/* Begin PBXNativeTarget section */
		A3C9BF381C112498008C7E18 /* Squad */ = {
			isa = PBXNativeTarget;
			buildConfigurationList = A3C9BF611C112499008C7E18 /* Build configuration list for PBXNativeTarget "Squad" */;
			buildPhases = (
				35B9148DD0A43F0FEFE72BAB /* Check Pods Manifest.lock */,
				A3C9BF351C112498008C7E18 /* Sources */,
				A3C9BF361C112498008C7E18 /* Frameworks */,
				A3C9BF371C112498008C7E18 /* Resources */,
				29974BAE54B0D5E1F3B509E1 /* Embed Pods Frameworks */,
				DBB57CC64AFA2CE207B530B9 /* Copy Pods Resources */,
			);
			buildRules = (
			);
			dependencies = (
			);
			name = Squad;
			productName = Squad;
			productReference = A3C9BF391C112498008C7E18 /* Squad.app */;
			productType = "com.apple.product-type.application";
		};
		A3C9BF4C1C112498008C7E18 /* SquadTests */ = {
			isa = PBXNativeTarget;
			buildConfigurationList = A3C9BF641C112499008C7E18 /* Build configuration list for PBXNativeTarget "SquadTests" */;
			buildPhases = (
				A3C9BF491C112498008C7E18 /* Sources */,
				A3C9BF4A1C112498008C7E18 /* Frameworks */,
				A3C9BF4B1C112498008C7E18 /* Resources */,
			);
			buildRules = (
			);
			dependencies = (
				A3C9BF4F1C112498008C7E18 /* PBXTargetDependency */,
			);
			name = SquadTests;
			productName = SquadTests;
			productReference = A3C9BF4D1C112498008C7E18 /* SquadTests.xctest */;
			productType = "com.apple.product-type.bundle.unit-test";
		};
		A3C9BF571C112499008C7E18 /* SquadUITests */ = {
			isa = PBXNativeTarget;
			buildConfigurationList = A3C9BF671C112499008C7E18 /* Build configuration list for PBXNativeTarget "SquadUITests" */;
			buildPhases = (
				A3C9BF541C112499008C7E18 /* Sources */,
				A3C9BF551C112499008C7E18 /* Frameworks */,
				A3C9BF561C112499008C7E18 /* Resources */,
			);
			buildRules = (
			);
			dependencies = (
				A3C9BF5A1C112499008C7E18 /* PBXTargetDependency */,
			);
			name = SquadUITests;
			productName = SquadUITests;
			productReference = A3C9BF581C112499008C7E18 /* SquadUITests.xctest */;
			productType = "com.apple.product-type.bundle.ui-testing";
		};
/* End PBXNativeTarget section */

/* Begin PBXProject section */
		A3C9BF311C112498008C7E18 /* Project object */ = {
			isa = PBXProject;
			attributes = {
				LastSwiftUpdateCheck = 0710;
				LastUpgradeCheck = 0710;
				ORGANIZATIONNAME = "Michael Vieth";
				TargetAttributes = {
					A3C9BF381C112498008C7E18 = {
						CreatedOnToolsVersion = 7.1.1;
						DevelopmentTeam = DFN4KT5YK3;
					};
					A3C9BF4C1C112498008C7E18 = {
						CreatedOnToolsVersion = 7.1.1;
						TestTargetID = A3C9BF381C112498008C7E18;
					};
					A3C9BF571C112499008C7E18 = {
						CreatedOnToolsVersion = 7.1.1;
						TestTargetID = A3C9BF381C112498008C7E18;
					};
				};
			};
			buildConfigurationList = A3C9BF341C112498008C7E18 /* Build configuration list for PBXProject "Squad" */;
			compatibilityVersion = "Xcode 3.2";
			developmentRegion = English;
			hasScannedForEncodings = 0;
			knownRegions = (
				en,
				Base,
			);
			mainGroup = A3C9BF301C112498008C7E18;
			productRefGroup = A3C9BF3A1C112498008C7E18 /* Products */;
			projectDirPath = "";
			projectRoot = "";
			targets = (
				A3C9BF381C112498008C7E18 /* Squad */,
				A3C9BF4C1C112498008C7E18 /* SquadTests */,
				A3C9BF571C112499008C7E18 /* SquadUITests */,
			);
		};
/* End PBXProject section */

/* Begin PBXResourcesBuildPhase section */
		A3C9BF371C112498008C7E18 /* Resources */ = {
			isa = PBXResourcesBuildPhase;
			buildActionMask = 2147483647;
			files = (
				A3C9BF471C112498008C7E18 /* LaunchScreen.storyboard in Resources */,
				A3C9BF441C112498008C7E18 /* Assets.xcassets in Resources */,
				A3C9BF421C112498008C7E18 /* Main.storyboard in Resources */,
				A3D083941C1150F600FE6F6C /* TimelineViewCell.xib in Resources */,
			);
			runOnlyForDeploymentPostprocessing = 0;
		};
		A3C9BF4B1C112498008C7E18 /* Resources */ = {
			isa = PBXResourcesBuildPhase;
			buildActionMask = 2147483647;
			files = (
			);
			runOnlyForDeploymentPostprocessing = 0;
		};
		A3C9BF561C112499008C7E18 /* Resources */ = {
			isa = PBXResourcesBuildPhase;
			buildActionMask = 2147483647;
			files = (
			);
			runOnlyForDeploymentPostprocessing = 0;
		};
/* End PBXResourcesBuildPhase section */

/* Begin PBXShellScriptBuildPhase section */
		29974BAE54B0D5E1F3B509E1 /* Embed Pods Frameworks */ = {
			isa = PBXShellScriptBuildPhase;
			buildActionMask = 2147483647;
			files = (
			);
			inputPaths = (
			);
			name = "Embed Pods Frameworks";
			outputPaths = (
			);
			runOnlyForDeploymentPostprocessing = 0;
			shellPath = /bin/sh;
			shellScript = "\"${SRCROOT}/Pods/Target Support Files/Pods/Pods-frameworks.sh\"\n";
			showEnvVarsInLog = 0;
		};
		35B9148DD0A43F0FEFE72BAB /* Check Pods Manifest.lock */ = {
			isa = PBXShellScriptBuildPhase;
			buildActionMask = 2147483647;
			files = (
			);
			inputPaths = (
			);
			name = "Check Pods Manifest.lock";
			outputPaths = (
			);
			runOnlyForDeploymentPostprocessing = 0;
			shellPath = /bin/sh;
			shellScript = "diff \"${PODS_ROOT}/../Podfile.lock\" \"${PODS_ROOT}/Manifest.lock\" > /dev/null\nif [[ $? != 0 ]] ; then\n    cat << EOM\nerror: The sandbox is not in sync with the Podfile.lock. Run 'pod install' or update your CocoaPods installation.\nEOM\n    exit 1\nfi\n";
			showEnvVarsInLog = 0;
		};
		DBB57CC64AFA2CE207B530B9 /* Copy Pods Resources */ = {
			isa = PBXShellScriptBuildPhase;
			buildActionMask = 2147483647;
			files = (
			);
			inputPaths = (
			);
			name = "Copy Pods Resources";
			outputPaths = (
			);
			runOnlyForDeploymentPostprocessing = 0;
			shellPath = /bin/sh;
			shellScript = "\"${SRCROOT}/Pods/Target Support Files/Pods/Pods-resources.sh\"\n";
			showEnvVarsInLog = 0;
		};
/* End PBXShellScriptBuildPhase section */

/* Begin PBXSourcesBuildPhase section */
		A3C9BF351C112498008C7E18 /* Sources */ = {
			isa = PBXSourcesBuildPhase;
			buildActionMask = 2147483647;
			files = (
				A37B2F5B1C112B4B00DA9333 /* LoginViewController.swift in Sources */,
				A3C9BF3F1C112498008C7E18 /* ViewController.swift in Sources */,
				A3C9BF3D1C112498008C7E18 /* AppDelegate.swift in Sources */,
				A3D0838E1C11504700FE6F6C /* DetailViewController.swift in Sources */,
				A3FF72E91C1144ED00706300 /* HomeViewController.swift in Sources */,
				A3D0838C1C11502B00FE6F6C /* TimelineViewController.swift in Sources */,
				A3D083901C11505900FE6F6C /* TimelineViewCell.swift in Sources */,
			);
			runOnlyForDeploymentPostprocessing = 0;
		};
		A3C9BF491C112498008C7E18 /* Sources */ = {
			isa = PBXSourcesBuildPhase;
			buildActionMask = 2147483647;
			files = (
				A3C9BF521C112498008C7E18 /* SquadTests.swift in Sources */,
			);
			runOnlyForDeploymentPostprocessing = 0;
		};
		A3C9BF541C112499008C7E18 /* Sources */ = {
			isa = PBXSourcesBuildPhase;
			buildActionMask = 2147483647;
			files = (
				A3C9BF5D1C112499008C7E18 /* SquadUITests.swift in Sources */,
			);
			runOnlyForDeploymentPostprocessing = 0;
		};
/* End PBXSourcesBuildPhase section */

/* Begin PBXTargetDependency section */
		A3C9BF4F1C112498008C7E18 /* PBXTargetDependency */ = {
			isa = PBXTargetDependency;
			target = A3C9BF381C112498008C7E18 /* Squad */;
			targetProxy = A3C9BF4E1C112498008C7E18 /* PBXContainerItemProxy */;
		};
		A3C9BF5A1C112499008C7E18 /* PBXTargetDependency */ = {
			isa = PBXTargetDependency;
			target = A3C9BF381C112498008C7E18 /* Squad */;
			targetProxy = A3C9BF591C112499008C7E18 /* PBXContainerItemProxy */;
		};
/* End PBXTargetDependency section */

/* Begin PBXVariantGroup section */
		A3C9BF401C112498008C7E18 /* Main.storyboard */ = {
			isa = PBXVariantGroup;
			children = (
				A3C9BF411C112498008C7E18 /* Base */,
			);
			name = Main.storyboard;
			sourceTree = "<group>";
		};
		A3C9BF451C112498008C7E18 /* LaunchScreen.storyboard */ = {
			isa = PBXVariantGroup;
			children = (
				A3C9BF461C112498008C7E18 /* Base */,
			);
			name = LaunchScreen.storyboard;
			sourceTree = "<group>";
		};
/* End PBXVariantGroup section */

/* Begin XCBuildConfiguration section */
		A3C9BF5F1C112499008C7E18 /* Debug */ = {
			isa = XCBuildConfiguration;
			buildSettings = {
				ALWAYS_SEARCH_USER_PATHS = NO;
				CLANG_CXX_LANGUAGE_STANDARD = "gnu++0x";
				CLANG_CXX_LIBRARY = "libc++";
				CLANG_ENABLE_MODULES = YES;
				CLANG_ENABLE_OBJC_ARC = YES;
				CLANG_WARN_BOOL_CONVERSION = YES;
				CLANG_WARN_CONSTANT_CONVERSION = YES;
				CLANG_WARN_DIRECT_OBJC_ISA_USAGE = YES_ERROR;
				CLANG_WARN_EMPTY_BODY = YES;
				CLANG_WARN_ENUM_CONVERSION = YES;
				CLANG_WARN_INT_CONVERSION = YES;
				CLANG_WARN_OBJC_ROOT_CLASS = YES_ERROR;
				CLANG_WARN_UNREACHABLE_CODE = YES;
				CLANG_WARN__DUPLICATE_METHOD_MATCH = YES;
				"CODE_SIGN_IDENTITY[sdk=iphoneos*]" = "iPhone Developer";
				COPY_PHASE_STRIP = NO;
				DEBUG_INFORMATION_FORMAT = dwarf;
				ENABLE_STRICT_OBJC_MSGSEND = YES;
				ENABLE_TESTABILITY = YES;
				GCC_C_LANGUAGE_STANDARD = gnu99;
				GCC_DYNAMIC_NO_PIC = NO;
				GCC_NO_COMMON_BLOCKS = YES;
				GCC_OPTIMIZATION_LEVEL = 0;
				GCC_PREPROCESSOR_DEFINITIONS = (
					"DEBUG=1",
					"$(inherited)",
				);
				GCC_WARN_64_TO_32_BIT_CONVERSION = YES;
				GCC_WARN_ABOUT_RETURN_TYPE = YES_ERROR;
				GCC_WARN_UNDECLARED_SELECTOR = YES;
				GCC_WARN_UNINITIALIZED_AUTOS = YES_AGGRESSIVE;
				GCC_WARN_UNUSED_FUNCTION = YES;
				GCC_WARN_UNUSED_VARIABLE = YES;
				IPHONEOS_DEPLOYMENT_TARGET = 9.1;
				MTL_ENABLE_DEBUG_INFO = YES;
				ONLY_ACTIVE_ARCH = YES;
				SDKROOT = iphoneos;
				SWIFT_OPTIMIZATION_LEVEL = "-Onone";
			};
			name = Debug;
		};
		A3C9BF601C112499008C7E18 /* Release */ = {
			isa = XCBuildConfiguration;
			buildSettings = {
				ALWAYS_SEARCH_USER_PATHS = NO;
				CLANG_CXX_LANGUAGE_STANDARD = "gnu++0x";
				CLANG_CXX_LIBRARY = "libc++";
				CLANG_ENABLE_MODULES = YES;
				CLANG_ENABLE_OBJC_ARC = YES;
				CLANG_WARN_BOOL_CONVERSION = YES;
				CLANG_WARN_CONSTANT_CONVERSION = YES;
				CLANG_WARN_DIRECT_OBJC_ISA_USAGE = YES_ERROR;
				CLANG_WARN_EMPTY_BODY = YES;
				CLANG_WARN_ENUM_CONVERSION = YES;
				CLANG_WARN_INT_CONVERSION = YES;
				CLANG_WARN_OBJC_ROOT_CLASS = YES_ERROR;
				CLANG_WARN_UNREACHABLE_CODE = YES;
				CLANG_WARN__DUPLICATE_METHOD_MATCH = YES;
				"CODE_SIGN_IDENTITY[sdk=iphoneos*]" = "iPhone Developer";
				COPY_PHASE_STRIP = NO;
				DEBUG_INFORMATION_FORMAT = "dwarf-with-dsym";
				ENABLE_NS_ASSERTIONS = NO;
				ENABLE_STRICT_OBJC_MSGSEND = YES;
				GCC_C_LANGUAGE_STANDARD = gnu99;
				GCC_NO_COMMON_BLOCKS = YES;
				GCC_WARN_64_TO_32_BIT_CONVERSION = YES;
				GCC_WARN_ABOUT_RETURN_TYPE = YES_ERROR;
				GCC_WARN_UNDECLARED_SELECTOR = YES;
				GCC_WARN_UNINITIALIZED_AUTOS = YES_AGGRESSIVE;
				GCC_WARN_UNUSED_FUNCTION = YES;
				GCC_WARN_UNUSED_VARIABLE = YES;
				IPHONEOS_DEPLOYMENT_TARGET = 9.1;
				MTL_ENABLE_DEBUG_INFO = NO;
				SDKROOT = iphoneos;
				VALIDATE_PRODUCT = YES;
			};
			name = Release;
		};
		A3C9BF621C112499008C7E18 /* Debug */ = {
			isa = XCBuildConfiguration;
			baseConfigurationReference = 311334B5E99D447F5B6A0D59 /* Pods.debug.xcconfig */;
			buildSettings = {
				ASSETCATALOG_COMPILER_APPICON_NAME = AppIcon;
				CODE_SIGN_IDENTITY = "iPhone Developer";
				"CODE_SIGN_IDENTITY[sdk=iphoneos*]" = "iPhone Developer";
				FRAMEWORK_SEARCH_PATHS = (
					"$(inherited)",
					"$(PROJECT_DIR)/build/Debug-iphoneos",
				);
				INFOPLIST_FILE = Squad/Info.plist;
				LD_RUNPATH_SEARCH_PATHS = "$(inherited) @executable_path/Frameworks";
				PRODUCT_BUNDLE_IDENTIFIER = vieth.michael.Squad;
				PRODUCT_NAME = "$(TARGET_NAME)";
				PROVISIONING_PROFILE = "";
			};
			name = Debug;
		};
		A3C9BF631C112499008C7E18 /* Release */ = {
			isa = XCBuildConfiguration;
			baseConfigurationReference = C2F7B51406E20984420308CD /* Pods.release.xcconfig */;
			buildSettings = {
				ASSETCATALOG_COMPILER_APPICON_NAME = AppIcon;
				CODE_SIGN_IDENTITY = "iPhone Developer";
				"CODE_SIGN_IDENTITY[sdk=iphoneos*]" = "iPhone Developer";
				FRAMEWORK_SEARCH_PATHS = (
					"$(inherited)",
					"$(PROJECT_DIR)/build/Debug-iphoneos",
				);
				INFOPLIST_FILE = Squad/Info.plist;
				LD_RUNPATH_SEARCH_PATHS = "$(inherited) @executable_path/Frameworks";
				PRODUCT_BUNDLE_IDENTIFIER = vieth.michael.Squad;
				PRODUCT_NAME = "$(TARGET_NAME)";
				PROVISIONING_PROFILE = "";
			};
			name = Release;
		};
		A3C9BF651C112499008C7E18 /* Debug */ = {
			isa = XCBuildConfiguration;
			buildSettings = {
				BUNDLE_LOADER = "$(TEST_HOST)";
				INFOPLIST_FILE = SquadTests/Info.plist;
				LD_RUNPATH_SEARCH_PATHS = "$(inherited) @executable_path/Frameworks @loader_path/Frameworks";
				PRODUCT_BUNDLE_IDENTIFIER = vieth.michael.SquadTests;
				PRODUCT_NAME = "$(TARGET_NAME)";
				TEST_HOST = "$(BUILT_PRODUCTS_DIR)/Squad.app/Squad";
			};
			name = Debug;
		};
		A3C9BF661C112499008C7E18 /* Release */ = {
			isa = XCBuildConfiguration;
			buildSettings = {
				BUNDLE_LOADER = "$(TEST_HOST)";
				INFOPLIST_FILE = SquadTests/Info.plist;
				LD_RUNPATH_SEARCH_PATHS = "$(inherited) @executable_path/Frameworks @loader_path/Frameworks";
				PRODUCT_BUNDLE_IDENTIFIER = vieth.michael.SquadTests;
				PRODUCT_NAME = "$(TARGET_NAME)";
				TEST_HOST = "$(BUILT_PRODUCTS_DIR)/Squad.app/Squad";
			};
			name = Release;
		};
		A3C9BF681C112499008C7E18 /* Debug */ = {
			isa = XCBuildConfiguration;
			buildSettings = {
				INFOPLIST_FILE = SquadUITests/Info.plist;
				LD_RUNPATH_SEARCH_PATHS = "$(inherited) @executable_path/Frameworks @loader_path/Frameworks";
				PRODUCT_BUNDLE_IDENTIFIER = vieth.michael.SquadUITests;
				PRODUCT_NAME = "$(TARGET_NAME)";
				TEST_TARGET_NAME = Squad;
				USES_XCTRUNNER = YES;
			};
			name = Debug;
		};
		A3C9BF691C112499008C7E18 /* Release */ = {
			isa = XCBuildConfiguration;
			buildSettings = {
				INFOPLIST_FILE = SquadUITests/Info.plist;
				LD_RUNPATH_SEARCH_PATHS = "$(inherited) @executable_path/Frameworks @loader_path/Frameworks";
				PRODUCT_BUNDLE_IDENTIFIER = vieth.michael.SquadUITests;
				PRODUCT_NAME = "$(TARGET_NAME)";
				TEST_TARGET_NAME = Squad;
				USES_XCTRUNNER = YES;
			};
			name = Release;
		};
/* End XCBuildConfiguration section */

/* Begin XCConfigurationList section */
		A3C9BF341C112498008C7E18 /* Build configuration list for PBXProject "Squad" */ = {
			isa = XCConfigurationList;
			buildConfigurations = (
				A3C9BF5F1C112499008C7E18 /* Debug */,
				A3C9BF601C112499008C7E18 /* Release */,
			);
			defaultConfigurationIsVisible = 0;
			defaultConfigurationName = Release;
		};
		A3C9BF611C112499008C7E18 /* Build configuration list for PBXNativeTarget "Squad" */ = {
			isa = XCConfigurationList;
			buildConfigurations = (
				A3C9BF621C112499008C7E18 /* Debug */,
				A3C9BF631C112499008C7E18 /* Release */,
			);
			defaultConfigurationIsVisible = 0;
			defaultConfigurationName = Release;
		};
		A3C9BF641C112499008C7E18 /* Build configuration list for PBXNativeTarget "SquadTests" */ = {
			isa = XCConfigurationList;
			buildConfigurations = (
				A3C9BF651C112499008C7E18 /* Debug */,
				A3C9BF661C112499008C7E18 /* Release */,
			);
			defaultConfigurationIsVisible = 0;
			defaultConfigurationName = Release;
		};
		A3C9BF671C112499008C7E18 /* Build configuration list for PBXNativeTarget "SquadUITests" */ = {
			isa = XCConfigurationList;
			buildConfigurations = (
				A3C9BF681C112499008C7E18 /* Debug */,
				A3C9BF691C112499008C7E18 /* Release */,
			);
			defaultConfigurationIsVisible = 0;
			defaultConfigurationName = Release;
		};
/* End XCConfigurationList section */
	};
	rootObject = A3C9BF311C112498008C7E18 /* Project object */;
}
